{
  "version": 4,
  "terraform_version": "1.5.7",
  "serial": 21,
  "lineage": "6b205099-ada7-cc67-2286-5f05861d128b",
  "outputs": {
    "function_uri": {
      "value": "https://function-v2-4yh2ul6pcq-uc.a.run.app",
      "type": "string"
    }
  },
  "resources": [
    {
      "mode": "data",
      "type": "archive_file",
      "name": "default",
      "provider": "provider[\"registry.terraform.io/hashicorp/archive\"]",
      "instances": [
        {
          "schema_version": 0,
          "attributes": {
            "exclude_symlink_directories": null,
            "excludes": null,
            "id": "63a813d52d028ccafe260a7f2330e7fa2d4a57f3",
            "output_base64sha256": "i+h9zTNuNIdin55IU/ZLaaGzkIxPuSba02sa4Q5EmaA=",
            "output_base64sha512": "/KV+MrTv1IVIEq93m/ITsT6rcqdg+VHbPQttW65P8H9SP8ClwjlXoNoD3LeDQZAxR+rSVjh5SFNl07r3amtCpg==",
            "output_file_mode": null,
            "output_md5": "69b83d600d1ad99632d1c91b5f55c007",
            "output_path": "./function-source.zip",
            "output_sha": "63a813d52d028ccafe260a7f2330e7fa2d4a57f3",
            "output_sha256": "8be87dcd336e3487629f9e4853f64b69a1b3908c4fb926dad36b1ae10e4499a0",
            "output_sha512": "fca57e32b4efd4854812af779bf213b13eab72a760f951db3d0b6d5bae4ff07f523fc0a5c23957a0da03dcb78341903147ead2563879485365d3baf76a6b42a6",
            "output_size": 70649233,
            "source": [],
            "source_content": null,
            "source_content_filename": null,
            "source_dir": ".",
            "source_file": null,
            "type": "zip"
          },
          "sensitive_attributes": []
        }
      ]
    },
    {
      "mode": "managed",
      "type": "google_cloud_run_service_iam_member",
      "name": "member",
      "provider": "provider[\"registry.terraform.io/hashicorp/google\"]",
      "instances": [
        {
          "schema_version": 0,
          "attributes": {
            "condition": [],
            "etag": "BwYHJ5QDY94=",
            "id": "v1/projects/pragmatic-ruler-400608/locations/us-central1/services/function-v2/roles/run.invoker/allUsers",
            "location": "us-central1",
            "member": "allUsers",
            "project": "pragmatic-ruler-400608",
            "role": "roles/run.invoker",
            "service": "v1/projects/pragmatic-ruler-400608/locations/us-central1/services/function-v2"
          },
          "sensitive_attributes": [],
          "private": "bnVsbA==",
          "dependencies": [
            "google_cloudfunctions2_function.default"
          ]
        }
      ]
    },
    {
      "mode": "managed",
      "type": "google_cloudfunctions2_function",
      "name": "default",
      "provider": "provider[\"registry.terraform.io/hashicorp/google\"]",
      "instances": [
        {
          "schema_version": 0,
          "attributes": {
            "build_config": [
              {
                "build": "projects/250015841110/locations/us-central1/builds/51af0ebc-775e-4624-aa63-20690236bad8",
                "docker_repository": "",
                "entry_point": "helloHttp",
                "environment_variables": {},
                "runtime": "nodejs16",
                "source": [
                  {
                    "repo_source": [],
                    "storage_source": [
                      {
                        "bucket": "8203c29e08306a20-morita-gcf-source",
                        "generation": 1696716172982496,
                        "object": "function-source.zip"
                      }
                    ]
                  }
                ],
                "worker_pool": ""
              }
            ],
            "description": "a new function",
            "effective_labels": {},
            "environment": "GEN_2",
            "event_trigger": [],
            "id": "projects/pragmatic-ruler-400608/locations/us-central1/functions/function-v2",
            "kms_key_name": "",
            "labels": {},
            "location": "us-central1",
            "name": "function-v2",
            "project": "pragmatic-ruler-400608",
            "service_config": [
              {
                "all_traffic_on_latest_revision": true,
                "available_cpu": "0.1666",
                "available_memory": "256M",
                "environment_variables": {},
                "gcf_uri": "",
                "ingress_settings": "ALLOW_ALL",
                "max_instance_count": 1,
                "max_instance_request_concurrency": 1,
                "min_instance_count": 0,
                "secret_environment_variables": [],
                "secret_volumes": [],
                "service": "projects/pragmatic-ruler-400608/locations/us-central1/services/function-v2",
                "service_account_email": "250015841110-compute@developer.gserviceaccount.com",
                "timeout_seconds": 60,
                "uri": "https://function-v2-4yh2ul6pcq-uc.a.run.app",
                "vpc_connector": "",
                "vpc_connector_egress_settings": ""
              }
            ],
            "state": "ACTIVE",
            "terraform_labels": {},
            "timeouts": null,
            "update_time": "2023-10-07T22:04:04.538705024Z",
            "url": "https://us-central1-pragmatic-ruler-400608.cloudfunctions.net/function-v2"
          },
          "sensitive_attributes": [],
          "private": "eyJlMmJmYjczMC1lY2FhLTExZTYtOGY4OC0zNDM2M2JjN2M0YzAiOnsiY3JlYXRlIjozNjAwMDAwMDAwMDAwLCJkZWxldGUiOjM2MDAwMDAwMDAwMDAsInVwZGF0ZSI6MzYwMDAwMDAwMDAwMH19",
          "dependencies": [
            "data.archive_file.default",
            "google_storage_bucket.default",
            "google_storage_bucket_object.object",
            "random_id.default"
          ]
        }
      ]
    },
    {
      "mode": "managed",
      "type": "google_storage_bucket",
      "name": "default",
      "provider": "provider[\"registry.terraform.io/hashicorp/google\"]",
      "instances": [
        {
          "schema_version": 1,
          "attributes": {
            "autoclass": [],
            "cors": [],
            "custom_placement_config": [],
            "default_event_based_hold": false,
            "effective_labels": {},
            "encryption": [],
            "force_destroy": false,
            "id": "8203c29e08306a20-morita-gcf-source",
            "labels": {},
            "lifecycle_rule": [],
            "location": "US",
            "logging": [],
            "name": "8203c29e08306a20-morita-gcf-source",
            "project": "pragmatic-ruler-400608",
            "public_access_prevention": "inherited",
            "requester_pays": false,
            "retention_policy": [],
            "self_link": "https://www.googleapis.com/storage/v1/b/8203c29e08306a20-morita-gcf-source",
            "storage_class": "STANDARD",
            "terraform_labels": {},
            "timeouts": null,
            "uniform_bucket_level_access": true,
            "url": "gs://8203c29e08306a20-morita-gcf-source",
            "versioning": [],
            "website": []
          },
          "sensitive_attributes": [],
          "private": "eyJlMmJmYjczMC1lY2FhLTExZTYtOGY4OC0zNDM2M2JjN2M0YzAiOnsiY3JlYXRlIjo2MDAwMDAwMDAwMDAsInJlYWQiOjI0MDAwMDAwMDAwMCwidXBkYXRlIjoyNDAwMDAwMDAwMDB9LCJzY2hlbWFfdmVyc2lvbiI6IjEifQ==",
          "dependencies": [
            "random_id.default"
          ]
        }
      ]
    },
    {
      "mode": "managed",
      "type": "google_storage_bucket_object",
      "name": "object",
      "provider": "provider[\"registry.terraform.io/hashicorp/google\"]",
      "instances": [
        {
          "schema_version": 0,
          "attributes": {
            "bucket": "8203c29e08306a20-morita-gcf-source",
            "cache_control": "",
            "content": null,
            "content_disposition": "",
            "content_encoding": "",
            "content_language": "",
            "content_type": "application/zip",
            "crc32c": "CMEVBg==",
            "customer_encryption": [],
            "detect_md5hash": "abg9YA0a2ZYy0ckbX1XABw==",
            "event_based_hold": false,
            "id": "8203c29e08306a20-morita-gcf-source-function-source.zip",
            "kms_key_name": "",
            "md5hash": "abg9YA0a2ZYy0ckbX1XABw==",
            "media_link": "https://storage.googleapis.com/download/storage/v1/b/8203c29e08306a20-morita-gcf-source/o/function-source.zip?generation=1696716500498096\u0026alt=media",
            "metadata": null,
            "name": "function-source.zip",
            "output_name": "function-source.zip",
            "self_link": "https://www.googleapis.com/storage/v1/b/8203c29e08306a20-morita-gcf-source/o/function-source.zip",
            "source": "./function-source.zip",
            "storage_class": "STANDARD",
            "temporary_hold": false,
            "timeouts": null
          },
          "sensitive_attributes": [],
          "private": "eyJlMmJmYjczMC1lY2FhLTExZTYtOGY4OC0zNDM2M2JjN2M0YzAiOnsiY3JlYXRlIjoyNDAwMDAwMDAwMDAsImRlbGV0ZSI6MjQwMDAwMDAwMDAwLCJ1cGRhdGUiOjI0MDAwMDAwMDAwMH19",
          "dependencies": [
            "data.archive_file.default",
            "google_storage_bucket.default"
          ]
        }
      ]
    },
    {
      "mode": "managed",
      "type": "random_id",
      "name": "default",
      "provider": "provider[\"registry.terraform.io/hashicorp/random\"]",
      "instances": [
        {
          "schema_version": 0,
          "attributes": {
            "b64_std": "ggPCnggwaiA=",
            "b64_url": "ggPCnggwaiA",
            "byte_length": 8,
            "dec": "9368545633858775584",
            "hex": "8203c29e08306a20",
            "id": "ggPCnggwaiA",
            "keepers": null,
            "prefix": null
          },
          "sensitive_attributes": []
        }
      ]
    }
  ],
  "check_results": null
}
